
Microsoft Visual Studio Solution File, Format Version 12.00
# Visual Studio Version 17
VisualStudioVersion = 17.3.32922.545
MinimumVisualStudioVersion = 10.0.40219.1
Project("{FAE04EC0-301F-11D3-BF4B-00C04F79EFBC}") = "WorkflowDiagram.Develop", "WorkflowDiagram\WorkflowDiagram.Develop.csproj", "{5C2EC487-3E30-4274-8263-DBACFA5319C6}"
	ProjectSection(ProjectDependencies) = postProject
		{4AF0943A-DA67-4A85-B594-3DBC3C79217A} = {4AF0943A-DA67-4A85-B594-3DBC3C79217A}
	EndProjectSection
EndProject
Project("{FAE04EC0-301F-11D3-BF4B-00C04F79EFBC}") = "WorkflowDiagram.UI.Win.Develop", "WorkflowDiagram.UI.Win\WorkflowDiagram.UI.Win.Develop.csproj", "{DCCF4253-22A8-4F04-BE71-13F0DA60CE1D}"
EndProject
Project("{FAE04EC0-301F-11D3-BF4B-00C04F79EFBC}") = "WorkflowDiagramApp.Develop", "WorkflowDiagramApp\WorkflowDiagramApp.Develop.csproj", "{C554EAAB-100D-433C-ADA4-8EAB001057C2}"
EndProject
Project("{FAE04EC0-301F-11D3-BF4B-00C04F79EFBC}") = "WorkflowDiagram.Nodes.Base.Develop", "WorkflowDiagram.Nodes.Base\WorkflowDiagram.Nodes.Base.Develop.csproj", "{FDE9EA71-C293-47F5-981A-D56E9505114A}"
EndProject
Project("{FAE04EC0-301F-11D3-BF4B-00C04F79EFBC}") = "Workflow.Tests", "Workflow.Tests\Workflow.Tests.csproj", "{BCB80B85-E0E0-47FE-91C1-09351918F8AD}"
EndProject
Project("{FAE04EC0-301F-11D3-BF4B-00C04F79EFBC}") = "WorkflowDiagram.Nodes.Connectors.Develop", "WorkflowDiagram.Nodes.Connectors\WorkflowDiagram.Nodes.Connectors.Develop.csproj", "{1233C523-9814-4B31-AA8D-96D2CBD4E118}"
EndProject
Project("{FAE04EC0-301F-11D3-BF4B-00C04F79EFBC}") = "WorkflowDiagram.UI.Win.Editors.Develop", "WorkflowDiagram.UI.Win.Editors\WorkflowDiagram.UI.Win.Editors.Develop.csproj", "{CE484966-54E0-4C97-8D73-E2B9904C5720}"
EndProject
Project("{FAE04EC0-301F-11D3-BF4B-00C04F79EFBC}") = "WorkflowDiagram.Nodes.Visualization.Win.Develop", "WorkflowDiagram.Nodes.Visualization\WorkflowDiagram.Nodes.Visualization.Win.Develop.csproj", "{B17D2EF7-5C40-4A49-BEEC-750763C6281D}"
EndProject
Project("{FAE04EC0-301F-11D3-BF4B-00C04F79EFBC}") = "XmlSerialization", "..\XmlSerialization\XmlSerialization\XmlSerialization.csproj", "{4AF0943A-DA67-4A85-B594-3DBC3C79217A}"
EndProject
Global
	GlobalSection(SolutionConfigurationPlatforms) = preSolution
		Debug|Any CPU = Debug|Any CPU
		DebugCopy|Any CPU = DebugCopy|Any CPU
		Release|Any CPU = Release|Any CPU
	EndGlobalSection
	GlobalSection(ProjectConfigurationPlatforms) = postSolution
		{5C2EC487-3E30-4274-8263-DBACFA5319C6}.Debug|Any CPU.ActiveCfg = Debug|Any CPU
		{5C2EC487-3E30-4274-8263-DBACFA5319C6}.Debug|Any CPU.Build.0 = Debug|Any CPU
		{5C2EC487-3E30-4274-8263-DBACFA5319C6}.DebugCopy|Any CPU.ActiveCfg = DebugCopy|Any CPU
		{5C2EC487-3E30-4274-8263-DBACFA5319C6}.DebugCopy|Any CPU.Build.0 = DebugCopy|Any CPU
		{5C2EC487-3E30-4274-8263-DBACFA5319C6}.Release|Any CPU.ActiveCfg = Release|Any CPU
		{5C2EC487-3E30-4274-8263-DBACFA5319C6}.Release|Any CPU.Build.0 = Release|Any CPU
		{DCCF4253-22A8-4F04-BE71-13F0DA60CE1D}.Debug|Any CPU.ActiveCfg = Debug|Any CPU
		{DCCF4253-22A8-4F04-BE71-13F0DA60CE1D}.Debug|Any CPU.Build.0 = Debug|Any CPU
		{DCCF4253-22A8-4F04-BE71-13F0DA60CE1D}.DebugCopy|Any CPU.ActiveCfg = DebugCopy|Any CPU
		{DCCF4253-22A8-4F04-BE71-13F0DA60CE1D}.DebugCopy|Any CPU.Build.0 = DebugCopy|Any CPU
		{DCCF4253-22A8-4F04-BE71-13F0DA60CE1D}.Release|Any CPU.ActiveCfg = Release|Any CPU
		{DCCF4253-22A8-4F04-BE71-13F0DA60CE1D}.Release|Any CPU.Build.0 = Release|Any CPU
		{C554EAAB-100D-433C-ADA4-8EAB001057C2}.Debug|Any CPU.ActiveCfg = Debug|Any CPU
		{C554EAAB-100D-433C-ADA4-8EAB001057C2}.Debug|Any CPU.Build.0 = Debug|Any CPU
		{C554EAAB-100D-433C-ADA4-8EAB001057C2}.DebugCopy|Any CPU.ActiveCfg = DebugCopy|Any CPU
		{C554EAAB-100D-433C-ADA4-8EAB001057C2}.DebugCopy|Any CPU.Build.0 = DebugCopy|Any CPU
		{C554EAAB-100D-433C-ADA4-8EAB001057C2}.Release|Any CPU.ActiveCfg = Release|Any CPU
		{C554EAAB-100D-433C-ADA4-8EAB001057C2}.Release|Any CPU.Build.0 = Release|Any CPU
		{FDE9EA71-C293-47F5-981A-D56E9505114A}.Debug|Any CPU.ActiveCfg = Debug|Any CPU
		{FDE9EA71-C293-47F5-981A-D56E9505114A}.Debug|Any CPU.Build.0 = Debug|Any CPU
		{FDE9EA71-C293-47F5-981A-D56E9505114A}.DebugCopy|Any CPU.ActiveCfg = DebugCopy|Any CPU
		{FDE9EA71-C293-47F5-981A-D56E9505114A}.DebugCopy|Any CPU.Build.0 = DebugCopy|Any CPU
		{FDE9EA71-C293-47F5-981A-D56E9505114A}.Release|Any CPU.ActiveCfg = Release|Any CPU
		{FDE9EA71-C293-47F5-981A-D56E9505114A}.Release|Any CPU.Build.0 = Release|Any CPU
		{BCB80B85-E0E0-47FE-91C1-09351918F8AD}.Debug|Any CPU.ActiveCfg = Debug|Any CPU
		{BCB80B85-E0E0-47FE-91C1-09351918F8AD}.Debug|Any CPU.Build.0 = Debug|Any CPU
		{BCB80B85-E0E0-47FE-91C1-09351918F8AD}.DebugCopy|Any CPU.ActiveCfg = Debug|Any CPU
		{BCB80B85-E0E0-47FE-91C1-09351918F8AD}.DebugCopy|Any CPU.Build.0 = Debug|Any CPU
		{BCB80B85-E0E0-47FE-91C1-09351918F8AD}.Release|Any CPU.ActiveCfg = Release|Any CPU
		{BCB80B85-E0E0-47FE-91C1-09351918F8AD}.Release|Any CPU.Build.0 = Release|Any CPU
		{1233C523-9814-4B31-AA8D-96D2CBD4E118}.Debug|Any CPU.ActiveCfg = Debug|Any CPU
		{1233C523-9814-4B31-AA8D-96D2CBD4E118}.Debug|Any CPU.Build.0 = Debug|Any CPU
		{1233C523-9814-4B31-AA8D-96D2CBD4E118}.DebugCopy|Any CPU.ActiveCfg = Debug|Any CPU
		{1233C523-9814-4B31-AA8D-96D2CBD4E118}.DebugCopy|Any CPU.Build.0 = Debug|Any CPU
		{1233C523-9814-4B31-AA8D-96D2CBD4E118}.Release|Any CPU.ActiveCfg = Release|Any CPU
		{1233C523-9814-4B31-AA8D-96D2CBD4E118}.Release|Any CPU.Build.0 = Release|Any CPU
		{CE484966-54E0-4C97-8D73-E2B9904C5720}.Debug|Any CPU.ActiveCfg = Debug|Any CPU
		{CE484966-54E0-4C97-8D73-E2B9904C5720}.Debug|Any CPU.Build.0 = Debug|Any CPU
		{CE484966-54E0-4C97-8D73-E2B9904C5720}.DebugCopy|Any CPU.ActiveCfg = Debug|Any CPU
		{CE484966-54E0-4C97-8D73-E2B9904C5720}.DebugCopy|Any CPU.Build.0 = Debug|Any CPU
		{CE484966-54E0-4C97-8D73-E2B9904C5720}.Release|Any CPU.ActiveCfg = Release|Any CPU
		{CE484966-54E0-4C97-8D73-E2B9904C5720}.Release|Any CPU.Build.0 = Release|Any CPU
		{B17D2EF7-5C40-4A49-BEEC-750763C6281D}.Debug|Any CPU.ActiveCfg = Debug|Any CPU
		{B17D2EF7-5C40-4A49-BEEC-750763C6281D}.Debug|Any CPU.Build.0 = Debug|Any CPU
		{B17D2EF7-5C40-4A49-BEEC-750763C6281D}.DebugCopy|Any CPU.ActiveCfg = Debug|Any CPU
		{B17D2EF7-5C40-4A49-BEEC-750763C6281D}.DebugCopy|Any CPU.Build.0 = Debug|Any CPU
		{B17D2EF7-5C40-4A49-BEEC-750763C6281D}.Release|Any CPU.ActiveCfg = Release|Any CPU
		{B17D2EF7-5C40-4A49-BEEC-750763C6281D}.Release|Any CPU.Build.0 = Release|Any CPU
		{4AF0943A-DA67-4A85-B594-3DBC3C79217A}.Debug|Any CPU.ActiveCfg = Debug|Any CPU
		{4AF0943A-DA67-4A85-B594-3DBC3C79217A}.Debug|Any CPU.Build.0 = Debug|Any CPU
		{4AF0943A-DA67-4A85-B594-3DBC3C79217A}.DebugCopy|Any CPU.ActiveCfg = Debug|Any CPU
		{4AF0943A-DA67-4A85-B594-3DBC3C79217A}.DebugCopy|Any CPU.Build.0 = Debug|Any CPU
		{4AF0943A-DA67-4A85-B594-3DBC3C79217A}.Release|Any CPU.ActiveCfg = Release|Any CPU
		{4AF0943A-DA67-4A85-B594-3DBC3C79217A}.Release|Any CPU.Build.0 = Release|Any CPU
	EndGlobalSection
	GlobalSection(SolutionProperties) = preSolution
		HideSolutionNode = FALSE
	EndGlobalSection
	GlobalSection(ExtensibilityGlobals) = postSolution
		SolutionGuid = {908063CF-333E-4E7A-BA04-D9C1354129AD}
	EndGlobalSection
EndGlobal
