
Microsoft Visual Studio Solution File, Format Version 12.00
# Visual Studio Version 17
VisualStudioVersion = 17.2.32505.173
MinimumVisualStudioVersion = 10.0.40219.1
Project("{9A19103F-16F7-4668-BE54-9A1E7A4F7556}") = "XmlSerialization.Core", "..\XmlSerialization\XmlSerialization\XmlSerialization.Core.csproj", "{1A46B9C1-36F4-4413-B4C5-2E9A5C5B9EFB}"
EndProject
Project("{9A19103F-16F7-4668-BE54-9A1E7A4F7556}") = "WorkflowDiagram.Nodes.Base.Core.Develop", "WorkflowDiagram.Nodes.Base\WorkflowDiagram.Nodes.Base.Core.Develop.csproj", "{9AA79669-A0FB-43BE-A392-A91B973A8F8E}"
EndProject
Project("{9A19103F-16F7-4668-BE54-9A1E7A4F7556}") = "WorkflowDiagram.Core.Develop", "WorkflowDiagram\WorkflowDiagram.Core.Develop.csproj", "{924F0AED-5B22-4AA3-82EE-5D830730F57D}"
EndProject
Project("{9A19103F-16F7-4668-BE54-9A1E7A4F7556}") = "WorkflowDiagram.UI.Blazor", "WorkflowDiagram.UI.Blazor\WorkflowDiagram.UI.Blazor.csproj", "{561557F9-2D77-4BE6-9386-2E15048A751B}"
EndProject
Project("{9A19103F-16F7-4668-BE54-9A1E7A4F7556}") = "WorkflowDiagram.Nodes.Connectors.Core.Develop", "WorkflowDiagram.Nodes.Connectors\WorkflowDiagram.Nodes.Connectors.Core.Develop.csproj", "{F92590FF-8FC9-475E-B48A-5BFF00714B02}"
EndProject
Project("{9A19103F-16F7-4668-BE54-9A1E7A4F7556}") = "Workflow.Tests.Core", "Workflow.Tests\Workflow.Tests.Core.csproj", "{C570EA91-CC6D-4D4E-B6AD-CB9CD6C77247}"
EndProject
Global
	GlobalSection(SolutionConfigurationPlatforms) = preSolution
		Debug|Any CPU = Debug|Any CPU
		Release|Any CPU = Release|Any CPU
	EndGlobalSection
	GlobalSection(ProjectConfigurationPlatforms) = postSolution
		{1A46B9C1-36F4-4413-B4C5-2E9A5C5B9EFB}.Debug|Any CPU.ActiveCfg = Debug|Any CPU
		{1A46B9C1-36F4-4413-B4C5-2E9A5C5B9EFB}.Debug|Any CPU.Build.0 = Debug|Any CPU
		{1A46B9C1-36F4-4413-B4C5-2E9A5C5B9EFB}.Release|Any CPU.ActiveCfg = Release|Any CPU
		{1A46B9C1-36F4-4413-B4C5-2E9A5C5B9EFB}.Release|Any CPU.Build.0 = Release|Any CPU
		{9AA79669-A0FB-43BE-A392-A91B973A8F8E}.Debug|Any CPU.ActiveCfg = Debug|Any CPU
		{9AA79669-A0FB-43BE-A392-A91B973A8F8E}.Debug|Any CPU.Build.0 = Debug|Any CPU
		{9AA79669-A0FB-43BE-A392-A91B973A8F8E}.Release|Any CPU.ActiveCfg = Release|Any CPU
		{9AA79669-A0FB-43BE-A392-A91B973A8F8E}.Release|Any CPU.Build.0 = Release|Any CPU
		{924F0AED-5B22-4AA3-82EE-5D830730F57D}.Debug|Any CPU.ActiveCfg = Debug|Any CPU
		{924F0AED-5B22-4AA3-82EE-5D830730F57D}.Debug|Any CPU.Build.0 = Debug|Any CPU
		{924F0AED-5B22-4AA3-82EE-5D830730F57D}.Release|Any CPU.ActiveCfg = Release|Any CPU
		{924F0AED-5B22-4AA3-82EE-5D830730F57D}.Release|Any CPU.Build.0 = Release|Any CPU
		{561557F9-2D77-4BE6-9386-2E15048A751B}.Debug|Any CPU.ActiveCfg = Debug|Any CPU
		{561557F9-2D77-4BE6-9386-2E15048A751B}.Debug|Any CPU.Build.0 = Debug|Any CPU
		{561557F9-2D77-4BE6-9386-2E15048A751B}.Release|Any CPU.ActiveCfg = Release|Any CPU
		{561557F9-2D77-4BE6-9386-2E15048A751B}.Release|Any CPU.Build.0 = Release|Any CPU
		{F92590FF-8FC9-475E-B48A-5BFF00714B02}.Debug|Any CPU.ActiveCfg = Debug|Any CPU
		{F92590FF-8FC9-475E-B48A-5BFF00714B02}.Debug|Any CPU.Build.0 = Debug|Any CPU
		{F92590FF-8FC9-475E-B48A-5BFF00714B02}.Release|Any CPU.ActiveCfg = Release|Any CPU
		{F92590FF-8FC9-475E-B48A-5BFF00714B02}.Release|Any CPU.Build.0 = Release|Any CPU
		{C570EA91-CC6D-4D4E-B6AD-CB9CD6C77247}.Debug|Any CPU.ActiveCfg = Debug|Any CPU
		{C570EA91-CC6D-4D4E-B6AD-CB9CD6C77247}.Debug|Any CPU.Build.0 = Debug|Any CPU
		{C570EA91-CC6D-4D4E-B6AD-CB9CD6C77247}.Release|Any CPU.ActiveCfg = Release|Any CPU
		{C570EA91-CC6D-4D4E-B6AD-CB9CD6C77247}.Release|Any CPU.Build.0 = Release|Any CPU
	EndGlobalSection
	GlobalSection(SolutionProperties) = preSolution
		HideSolutionNode = FALSE
	EndGlobalSection
	GlobalSection(ExtensibilityGlobals) = postSolution
		SolutionGuid = {FBFF8529-8DFF-4CEB-A529-64B9B2A2224E}
	EndGlobalSection
EndGlobal
